
Microsoft Visual Studio Solution File, Format Version 12.00
# Visual Studio 14
VisualStudioVersion = 14.0.24720.0
MinimumVisualStudioVersion = 10.0.40219.1
Project("{FAE04EC0-301F-11D3-BF4B-00C04F79EFBC}") = "OpenMusic", "OpenMusic\OpenMusic.csproj", "{F4895B93-25BF-4CB9-9B06-BACD62D95230}"
EndProject
Project("{FAE04EC0-301F-11D3-BF4B-00C04F79EFBC}") = "OpenMusic.Test", "OpenMusic.Test\OpenMusic.Test.csproj", "{88CD7C0B-C3D4-402A-807E-D976F1EFAB9A}"
EndProject
Project("{FAE04EC0-301F-11D3-BF4B-00C04F79EFBC}") = "OpenMusic.Baidu", "OpenMusic.Baidu\OpenMusic.Baidu.csproj", "{266E74DB-C3A5-452B-8793-B7A6258595EF}"
EndProject
Project("{FAE04EC0-301F-11D3-BF4B-00C04F79EFBC}") = "OpenMusic.Baidu.Test", "OpenMusic.Baidu.Test\OpenMusic.Baidu.Test.csproj", "{093ECCE7-D502-4CFD-A89A-BEEA15A7633E}"
EndProject
Project("{FAE04EC0-301F-11D3-BF4B-00C04F79EFBC}") = "OpenMusic.Client.Wpf", "OpenMusic.Client.Wpf\OpenMusic.Client.Wpf.csproj", "{E9F77F98-937F-411B-824E-16313747A79C}"
EndProject
Global
	GlobalSection(SolutionConfigurationPlatforms) = preSolution
		Debug|Any CPU = Debug|Any CPU
		Release|Any CPU = Release|Any CPU
	EndGlobalSection
	GlobalSection(ProjectConfigurationPlatforms) = postSolution
		{F4895B93-25BF-4CB9-9B06-BACD62D95230}.Debug|Any CPU.ActiveCfg = Debug|Any CPU
		{F4895B93-25BF-4CB9-9B06-BACD62D95230}.Debug|Any CPU.Build.0 = Debug|Any CPU
		{F4895B93-25BF-4CB9-9B06-BACD62D95230}.Release|Any CPU.ActiveCfg = Release|Any CPU
		{F4895B93-25BF-4CB9-9B06-BACD62D95230}.Release|Any CPU.Build.0 = Release|Any CPU
		{88CD7C0B-C3D4-402A-807E-D976F1EFAB9A}.Debug|Any CPU.ActiveCfg = Debug|Any CPU
		{88CD7C0B-C3D4-402A-807E-D976F1EFAB9A}.Debug|Any CPU.Build.0 = Debug|Any CPU
		{88CD7C0B-C3D4-402A-807E-D976F1EFAB9A}.Release|Any CPU.ActiveCfg = Release|Any CPU
		{88CD7C0B-C3D4-402A-807E-D976F1EFAB9A}.Release|Any CPU.Build.0 = Release|Any CPU
		{266E74DB-C3A5-452B-8793-B7A6258595EF}.Debug|Any CPU.ActiveCfg = Debug|Any CPU
		{266E74DB-C3A5-452B-8793-B7A6258595EF}.Debug|Any CPU.Build.0 = Debug|Any CPU
		{266E74DB-C3A5-452B-8793-B7A6258595EF}.Release|Any CPU.ActiveCfg = Release|Any CPU
		{266E74DB-C3A5-452B-8793-B7A6258595EF}.Release|Any CPU.Build.0 = Release|Any CPU
		{093ECCE7-D502-4CFD-A89A-BEEA15A7633E}.Debug|Any CPU.ActiveCfg = Debug|Any CPU
		{093ECCE7-D502-4CFD-A89A-BEEA15A7633E}.Debug|Any CPU.Build.0 = Debug|Any CPU
		{093ECCE7-D502-4CFD-A89A-BEEA15A7633E}.Release|Any CPU.ActiveCfg = Release|Any CPU
		{093ECCE7-D502-4CFD-A89A-BEEA15A7633E}.Release|Any CPU.Build.0 = Release|Any CPU
		{E9F77F98-937F-411B-824E-16313747A79C}.Debug|Any CPU.ActiveCfg = Debug|Any CPU
		{E9F77F98-937F-411B-824E-16313747A79C}.Debug|Any CPU.Build.0 = Debug|Any CPU
		{E9F77F98-937F-411B-824E-16313747A79C}.Release|Any CPU.ActiveCfg = Release|Any CPU
		{E9F77F98-937F-411B-824E-16313747A79C}.Release|Any CPU.Build.0 = Release|Any CPU
	EndGlobalSection
	GlobalSection(SolutionProperties) = preSolution
		HideSolutionNode = FALSE
	EndGlobalSection
EndGlobal
